<?xml version="1.0" encoding="utf-8"?>
<Project ToolsVersion="4.0" xmlns="http://schemas.microsoft.com/developer/msbuild/2003">
  <ItemGroup>
    <ClCompile Include="pch.cpp" />
    <ClCompile Include="BoardTests.cpp">
      <Filter>Unit Tests</Filter>
    </ClCompile>
  </ItemGroup>
  <ItemGroup>
    <ClInclude Include="pch.h" />
  </ItemGroup>
  <ItemGroup>
    <None Include="packages.config" />
  </ItemGroup>
  <ItemGroup>
    <Filter Include="Unit Tests">
      <UniqueIdentifier>{1b8011e1-fd29-429e-a5c4-c4fa66ce64e4}</UniqueIdentifier>
    </Filter>
  </ItemGroup>
</Project>